
Microsoft Visual Studio Solution File, Format Version 12.00
# Visual Studio Version 17
VisualStudioVersion = 17.8.34511.84
MinimumVisualStudioVersion = 10.0.40219.1
Project("{FAE04EC0-301F-11D3-BF4B-00C04F79EFBC}") = "task1", "task1\task1.csproj", "{54EC203E-1024-4BAB-9ABD-8D039B364CEA}"
EndProject
Global
	GlobalSection(SolutionConfigurationPlatforms) = preSolution
		Debug|Any CPU = Debug|Any CPU
		Release|Any CPU = Release|Any CPU
	EndGlobalSection
	GlobalSection(ProjectConfigurationPlatforms) = postSolution
		{54EC203E-1024-4BAB-9ABD-8D039B364CEA}.Debug|Any CPU.ActiveCfg = Debug|Any CPU
		{54EC203E-1024-4BAB-9ABD-8D039B364CEA}.Debug|Any CPU.Build.0 = Debug|Any CPU
		{54EC203E-1024-4BAB-9ABD-8D039B364CEA}.Release|Any CPU.ActiveCfg = Release|Any CPU
		{54EC203E-1024-4BAB-9ABD-8D039B364CEA}.Release|Any CPU.Build.0 = Release|Any CPU
	EndGlobalSection
	GlobalSection(SolutionProperties) = preSolution
		HideSolutionNode = FALSE
	EndGlobalSection
	GlobalSection(ExtensibilityGlobals) = postSolution
		SolutionGuid = {452BDC48-CB66-4478-A9A2-047825ECFE89}
	EndGlobalSection
EndGlobal
